// !$*UTF8*$!
{
	archiveVersion = 1;
	classes = {
	};
	objectVersion = 50;
	objects = {

/* Begin PBXBuildFile section */
		652A8F44226AECAB00D5CC24 /* Extenstion+SwiftyJSON.swift in Sources */ = {isa = PBXBuildFile; fileRef = 652A8F43226AECAB00D5CC24 /* Extenstion+SwiftyJSON.swift */; };
		652A8F46226AFCA000D5CC24 /* Helpers.swift in Sources */ = {isa = PBXBuildFile; fileRef = 652A8F45226AFCA000D5CC24 /* Helpers.swift */; };
		652A8F48226B00C800D5CC24 /* Lesson.swift in Sources */ = {isa = PBXBuildFile; fileRef = 652A8F47226B00C800D5CC24 /* Lesson.swift */; };
		652A8F4B226B01A800D5CC24 /* User.swift in Sources */ = {isa = PBXBuildFile; fileRef = 652A8F4A226B01A800D5CC24 /* User.swift */; };
		652A8F4D226B01FD00D5CC24 /* Extenstions.swift in Sources */ = {isa = PBXBuildFile; fileRef = 652A8F4C226B01FD00D5CC24 /* Extenstions.swift */; };
		652A8F55226B08C900D5CC24 /* degree360Tests.swift in Sources */ = {isa = PBXBuildFile; fileRef = 652A8F54226B08C900D5CC24 /* degree360Tests.swift */; };
		652A8F5D226B34F500D5CC24 /* Topic.swift in Sources */ = {isa = PBXBuildFile; fileRef = 652A8F5C226B34F500D5CC24 /* Topic.swift */; };
		652A8F5F226B430B00D5CC24 /* Extension+UIImageView.swift in Sources */ = {isa = PBXBuildFile; fileRef = 652A8F5E226B430B00D5CC24 /* Extension+UIImageView.swift */; };
		652A8F61226B6FBC00D5CC24 /* StarButton.swift in Sources */ = {isa = PBXBuildFile; fileRef = 652A8F60226B6FBC00D5CC24 /* StarButton.swift */; };
		65EC7C4E226ACFB800D69565 /* AppDelegate.swift in Sources */ = {isa = PBXBuildFile; fileRef = 65EC7C4D226ACFB800D69565 /* AppDelegate.swift */; };
		65EC7C50226ACFB800D69565 /* ViewController.swift in Sources */ = {isa = PBXBuildFile; fileRef = 65EC7C4F226ACFB800D69565 /* ViewController.swift */; };
		65EC7C53226ACFB800D69565 /* Main.storyboard in Resources */ = {isa = PBXBuildFile; fileRef = 65EC7C51226ACFB800D69565 /* Main.storyboard */; };
		65EC7C56226ACFB800D69565 /* degree360.xcdatamodeld in Sources */ = {isa = PBXBuildFile; fileRef = 65EC7C54226ACFB800D69565 /* degree360.xcdatamodeld */; };
		65EC7C58226ACFB900D69565 /* Assets.xcassets in Resources */ = {isa = PBXBuildFile; fileRef = 65EC7C57226ACFB900D69565 /* Assets.xcassets */; };
		65EC7C5B226ACFB900D69565 /* LaunchScreen.storyboard in Resources */ = {isa = PBXBuildFile; fileRef = 65EC7C59226ACFB900D69565 /* LaunchScreen.storyboard */; };
		65EC7C63226AD48F00D69565 /* BaseInteractor.swift in Sources */ = {isa = PBXBuildFile; fileRef = 65EC7C62226AD48F00D69565 /* BaseInteractor.swift */; };
		65EC7C67226AD80000D69565 /* API.swift in Sources */ = {isa = PBXBuildFile; fileRef = 65EC7C66226AD80000D69565 /* API.swift */; };
		65EC7C69226ADAD700D69565 /* Constants.swift in Sources */ = {isa = PBXBuildFile; fileRef = 65EC7C68226ADAD700D69565 /* Constants.swift */; };
		65EC7C6B226ADF7700D69565 /* UserController.swift in Sources */ = {isa = PBXBuildFile; fileRef = 65EC7C6A226ADF7700D69565 /* UserController.swift */; };
		65EC7C6E226AE4DF00D69565 /* Extenstion+UIViewController.swift in Sources */ = {isa = PBXBuildFile; fileRef = 65EC7C6D226AE4DF00D69565 /* Extenstion+UIViewController.swift */; };
		8799A10C9E860347D1651CC0 /* Pods_degree360.framework in Frameworks */ = {isa = PBXBuildFile; fileRef = E7984BA49C568AB59F042573 /* Pods_degree360.framework */; };
		E18C079A226AD5FE00399075 /* RegisterVC.swift in Sources */ = {isa = PBXBuildFile; fileRef = E18C0799226AD5FE00399075 /* RegisterVC.swift */; };
		E18C079C226AD62400399075 /* RegisterInteractor.swift in Sources */ = {isa = PBXBuildFile; fileRef = E18C079B226AD62400399075 /* RegisterInteractor.swift */; };
		E1B61871226ADF1F008B7B63 /* RegisterVC.xib in Resources */ = {isa = PBXBuildFile; fileRef = E1B61870226ADF1F008B7B63 /* RegisterVC.xib */; };
		E1B61874226AEBCC008B7B63 /* LessonVC.swift in Sources */ = {isa = PBXBuildFile; fileRef = E1B61873226AEBCC008B7B63 /* LessonVC.swift */; };
		E1B61876226AEBDA008B7B63 /* LessonInteractor.swift in Sources */ = {isa = PBXBuildFile; fileRef = E1B61875226AEBDA008B7B63 /* LessonInteractor.swift */; };
		E1B61878226AEBE9008B7B63 /* LessonVC.xib in Resources */ = {isa = PBXBuildFile; fileRef = E1B61877226AEBE9008B7B63 /* LessonVC.xib */; };
		E1B6187B226AF35B008B7B63 /* LessonSignleVC.swift in Sources */ = {isa = PBXBuildFile; fileRef = E1B6187A226AF35B008B7B63 /* LessonSignleVC.swift */; };
		E1B6187D226AF396008B7B63 /* LessonSignleVCInteractor.swift in Sources */ = {isa = PBXBuildFile; fileRef = E1B6187C226AF396008B7B63 /* LessonSignleVCInteractor.swift */; };
		E1B6187F226AF3F5008B7B63 /* LessonSignleVC.xib in Resources */ = {isa = PBXBuildFile; fileRef = E1B6187E226AF3F5008B7B63 /* LessonSignleVC.xib */; };
		E1B61882226AF6BD008B7B63 /* FriendVC.swift in Sources */ = {isa = PBXBuildFile; fileRef = E1B61881226AF6BD008B7B63 /* FriendVC.swift */; };
		E1B61884226AF6E1008B7B63 /* FriendInteractor.swift in Sources */ = {isa = PBXBuildFile; fileRef = E1B61883226AF6E1008B7B63 /* FriendInteractor.swift */; };
		E1B61886226AF758008B7B63 /* FriendVC.xib in Resources */ = {isa = PBXBuildFile; fileRef = E1B61885226AF758008B7B63 /* FriendVC.xib */; };
		E1B6188A226AF805008B7B63 /* LessonTableViewCell.swift in Sources */ = {isa = PBXBuildFile; fileRef = E1B61888226AF805008B7B63 /* LessonTableViewCell.swift */; };
		E1B6188B226AF805008B7B63 /* LessonTableViewCell.xib in Resources */ = {isa = PBXBuildFile; fileRef = E1B61889226AF805008B7B63 /* LessonTableViewCell.xib */; };
		E1B6188E226AFE08008B7B63 /* LessonCreateVC.swift in Sources */ = {isa = PBXBuildFile; fileRef = E1B6188D226AFE08008B7B63 /* LessonCreateVC.swift */; };
		E1B61890226AFE33008B7B63 /* LessonCreateInteractor.swift in Sources */ = {isa = PBXBuildFile; fileRef = E1B6188F226AFE33008B7B63 /* LessonCreateInteractor.swift */; };
		E1B61892226AFEA8008B7B63 /* LessonCreateVC.xib in Resources */ = {isa = PBXBuildFile; fileRef = E1B61891226AFEA8008B7B63 /* LessonCreateVC.xib */; };
		E1B61895226B0541008B7B63 /* TopicTableViewCell.swift in Sources */ = {isa = PBXBuildFile; fileRef = E1B61893226B0541008B7B63 /* TopicTableViewCell.swift */; };
		E1B61896226B0541008B7B63 /* TopicTableViewCell.xib in Resources */ = {isa = PBXBuildFile; fileRef = E1B61894226B0541008B7B63 /* TopicTableViewCell.xib */; };
		E1B61899226B0552008B7B63 /* FriendTableViewCell.swift in Sources */ = {isa = PBXBuildFile; fileRef = E1B61897226B0552008B7B63 /* FriendTableViewCell.swift */; };
		E1B6189A226B0552008B7B63 /* FriendTableViewCell.xib in Resources */ = {isa = PBXBuildFile; fileRef = E1B61898226B0552008B7B63 /* FriendTableViewCell.xib */; };
		E1B6189D226B3BC1008B7B63 /* FriendCollectionViewCell.swift in Sources */ = {isa = PBXBuildFile; fileRef = E1B6189B226B3BC1008B7B63 /* FriendCollectionViewCell.swift */; };
		E1B6189E226B3BC1008B7B63 /* FriendCollectionViewCell.xib in Resources */ = {isa = PBXBuildFile; fileRef = E1B6189C226B3BC1008B7B63 /* FriendCollectionViewCell.xib */; };
/* End PBXBuildFile section */

/* Begin PBXContainerItemProxy section */
		652A8F57226B08C900D5CC24 /* PBXContainerItemProxy */ = {
			isa = PBXContainerItemProxy;
			containerPortal = 65EC7C42226ACFB800D69565 /* Project object */;
			proxyType = 1;
			remoteGlobalIDString = 65EC7C49226ACFB800D69565;
			remoteInfo = degree360;
		};
/* End PBXContainerItemProxy section */

/* Begin PBXFileReference section */
		368A89DE32932A97DE352BC1 /* Pods-degree360.release.xcconfig */ = {isa = PBXFileReference; includeInIndex = 1; lastKnownFileType = text.xcconfig; name = "Pods-degree360.release.xcconfig"; path = "Target Support Files/Pods-degree360/Pods-degree360.release.xcconfig"; sourceTree = "<group>"; };
		652A8F43226AECAB00D5CC24 /* Extenstion+SwiftyJSON.swift */ = {isa = PBXFileReference; lastKnownFileType = sourcecode.swift; path = "Extenstion+SwiftyJSON.swift"; sourceTree = "<group>"; };
		652A8F45226AFCA000D5CC24 /* Helpers.swift */ = {isa = PBXFileReference; lastKnownFileType = sourcecode.swift; path = Helpers.swift; sourceTree = "<group>"; };
		652A8F47226B00C800D5CC24 /* Lesson.swift */ = {isa = PBXFileReference; lastKnownFileType = sourcecode.swift; path = Lesson.swift; sourceTree = "<group>"; };
		652A8F4A226B01A800D5CC24 /* User.swift */ = {isa = PBXFileReference; lastKnownFileType = sourcecode.swift; path = User.swift; sourceTree = "<group>"; };
		652A8F4C226B01FD00D5CC24 /* Extenstions.swift */ = {isa = PBXFileReference; lastKnownFileType = sourcecode.swift; path = Extenstions.swift; sourceTree = "<group>"; };
		652A8F52226B08C800D5CC24 /* degree360Tests.xctest */ = {isa = PBXFileReference; explicitFileType = wrapper.cfbundle; includeInIndex = 0; path = degree360Tests.xctest; sourceTree = BUILT_PRODUCTS_DIR; };
		652A8F54226B08C900D5CC24 /* degree360Tests.swift */ = {isa = PBXFileReference; lastKnownFileType = sourcecode.swift; path = degree360Tests.swift; sourceTree = "<group>"; };
		652A8F56226B08C900D5CC24 /* Info.plist */ = {isa = PBXFileReference; lastKnownFileType = text.plist.xml; path = Info.plist; sourceTree = "<group>"; };
		652A8F5C226B34F500D5CC24 /* Topic.swift */ = {isa = PBXFileReference; lastKnownFileType = sourcecode.swift; path = Topic.swift; sourceTree = "<group>"; };
		652A8F5E226B430B00D5CC24 /* Extension+UIImageView.swift */ = {isa = PBXFileReference; lastKnownFileType = sourcecode.swift; path = "Extension+UIImageView.swift"; sourceTree = "<group>"; };
		652A8F60226B6FBC00D5CC24 /* StarButton.swift */ = {isa = PBXFileReference; lastKnownFileType = sourcecode.swift; path = StarButton.swift; sourceTree = "<group>"; };
		65EC7C4A226ACFB800D69565 /* degree360.app */ = {isa = PBXFileReference; explicitFileType = wrapper.application; includeInIndex = 0; path = degree360.app; sourceTree = BUILT_PRODUCTS_DIR; };
		65EC7C4D226ACFB800D69565 /* AppDelegate.swift */ = {isa = PBXFileReference; lastKnownFileType = sourcecode.swift; path = AppDelegate.swift; sourceTree = "<group>"; };
		65EC7C4F226ACFB800D69565 /* ViewController.swift */ = {isa = PBXFileReference; lastKnownFileType = sourcecode.swift; path = ViewController.swift; sourceTree = "<group>"; };
		65EC7C52226ACFB800D69565 /* Base */ = {isa = PBXFileReference; lastKnownFileType = file.storyboard; name = Base; path = Base.lproj/Main.storyboard; sourceTree = "<group>"; };
		65EC7C55226ACFB800D69565 /* degree360.xcdatamodel */ = {isa = PBXFileReference; lastKnownFileType = wrapper.xcdatamodel; path = degree360.xcdatamodel; sourceTree = "<group>"; };
		65EC7C57226ACFB900D69565 /* Assets.xcassets */ = {isa = PBXFileReference; lastKnownFileType = folder.assetcatalog; path = Assets.xcassets; sourceTree = "<group>"; };
		65EC7C5A226ACFB900D69565 /* Base */ = {isa = PBXFileReference; lastKnownFileType = file.storyboard; name = Base; path = Base.lproj/LaunchScreen.storyboard; sourceTree = "<group>"; };
		65EC7C5C226ACFB900D69565 /* Info.plist */ = {isa = PBXFileReference; lastKnownFileType = text.plist.xml; path = Info.plist; sourceTree = "<group>"; };
		65EC7C62226AD48F00D69565 /* BaseInteractor.swift */ = {isa = PBXFileReference; lastKnownFileType = sourcecode.swift; path = BaseInteractor.swift; sourceTree = "<group>"; };
		65EC7C66226AD80000D69565 /* API.swift */ = {isa = PBXFileReference; lastKnownFileType = sourcecode.swift; path = API.swift; sourceTree = "<group>"; };
		65EC7C68226ADAD700D69565 /* Constants.swift */ = {isa = PBXFileReference; lastKnownFileType = sourcecode.swift; path = Constants.swift; sourceTree = "<group>"; };
		65EC7C6A226ADF7700D69565 /* UserController.swift */ = {isa = PBXFileReference; lastKnownFileType = sourcecode.swift; path = UserController.swift; sourceTree = "<group>"; };
		65EC7C6D226AE4DF00D69565 /* Extenstion+UIViewController.swift */ = {isa = PBXFileReference; lastKnownFileType = sourcecode.swift; path = "Extenstion+UIViewController.swift"; sourceTree = "<group>"; };
		97CFD8F344D294271CE59BC2 /* Pods-degree360.release.xcconfig */ = {isa = PBXFileReference; includeInIndex = 1; lastKnownFileType = text.xcconfig; name = "Pods-degree360.release.xcconfig"; path = "Pods/Target Support Files/Pods-degree360/Pods-degree360.release.xcconfig"; sourceTree = "<group>"; };
		B3D1AFF69096D691CFE97008 /* Pods-degree360.debug.xcconfig */ = {isa = PBXFileReference; includeInIndex = 1; lastKnownFileType = text.xcconfig; name = "Pods-degree360.debug.xcconfig"; path = "Pods/Target Support Files/Pods-degree360/Pods-degree360.debug.xcconfig"; sourceTree = "<group>"; };
		E18C0799226AD5FE00399075 /* RegisterVC.swift */ = {isa = PBXFileReference; lastKnownFileType = sourcecode.swift; path = RegisterVC.swift; sourceTree = "<group>"; };
		E18C079B226AD62400399075 /* RegisterInteractor.swift */ = {isa = PBXFileReference; lastKnownFileType = sourcecode.swift; path = RegisterInteractor.swift; sourceTree = "<group>"; };
		E1B61870226ADF1F008B7B63 /* RegisterVC.xib */ = {isa = PBXFileReference; lastKnownFileType = file.xib; path = RegisterVC.xib; sourceTree = "<group>"; };
		E1B61873226AEBCC008B7B63 /* LessonVC.swift */ = {isa = PBXFileReference; lastKnownFileType = sourcecode.swift; path = LessonVC.swift; sourceTree = "<group>"; };
		E1B61875226AEBDA008B7B63 /* LessonInteractor.swift */ = {isa = PBXFileReference; lastKnownFileType = sourcecode.swift; path = LessonInteractor.swift; sourceTree = "<group>"; };
		E1B61877226AEBE9008B7B63 /* LessonVC.xib */ = {isa = PBXFileReference; lastKnownFileType = file.xib; path = LessonVC.xib; sourceTree = "<group>"; };
		E1B6187A226AF35B008B7B63 /* LessonSignleVC.swift */ = {isa = PBXFileReference; lastKnownFileType = sourcecode.swift; path = LessonSignleVC.swift; sourceTree = "<group>"; };
		E1B6187C226AF396008B7B63 /* LessonSignleVCInteractor.swift */ = {isa = PBXFileReference; lastKnownFileType = sourcecode.swift; path = LessonSignleVCInteractor.swift; sourceTree = "<group>"; };
		E1B6187E226AF3F5008B7B63 /* LessonSignleVC.xib */ = {isa = PBXFileReference; lastKnownFileType = file.xib; path = LessonSignleVC.xib; sourceTree = "<group>"; };
		E1B61881226AF6BD008B7B63 /* FriendVC.swift */ = {isa = PBXFileReference; lastKnownFileType = sourcecode.swift; path = FriendVC.swift; sourceTree = "<group>"; };
		E1B61883226AF6E1008B7B63 /* FriendInteractor.swift */ = {isa = PBXFileReference; lastKnownFileType = sourcecode.swift; path = FriendInteractor.swift; sourceTree = "<group>"; };
		E1B61885226AF758008B7B63 /* FriendVC.xib */ = {isa = PBXFileReference; lastKnownFileType = file.xib; path = FriendVC.xib; sourceTree = "<group>"; };
		E1B61888226AF805008B7B63 /* LessonTableViewCell.swift */ = {isa = PBXFileReference; lastKnownFileType = sourcecode.swift; path = LessonTableViewCell.swift; sourceTree = "<group>"; };
		E1B61889226AF805008B7B63 /* LessonTableViewCell.xib */ = {isa = PBXFileReference; lastKnownFileType = file.xib; path = LessonTableViewCell.xib; sourceTree = "<group>"; };
		E1B6188D226AFE08008B7B63 /* LessonCreateVC.swift */ = {isa = PBXFileReference; lastKnownFileType = sourcecode.swift; path = LessonCreateVC.swift; sourceTree = "<group>"; };
		E1B6188F226AFE33008B7B63 /* LessonCreateInteractor.swift */ = {isa = PBXFileReference; lastKnownFileType = sourcecode.swift; path = LessonCreateInteractor.swift; sourceTree = "<group>"; };
		E1B61891226AFEA8008B7B63 /* LessonCreateVC.xib */ = {isa = PBXFileReference; lastKnownFileType = file.xib; path = LessonCreateVC.xib; sourceTree = "<group>"; };
		E1B61893226B0541008B7B63 /* TopicTableViewCell.swift */ = {isa = PBXFileReference; lastKnownFileType = sourcecode.swift; path = TopicTableViewCell.swift; sourceTree = "<group>"; };
		E1B61894226B0541008B7B63 /* TopicTableViewCell.xib */ = {isa = PBXFileReference; lastKnownFileType = file.xib; path = TopicTableViewCell.xib; sourceTree = "<group>"; };
		E1B61897226B0552008B7B63 /* FriendTableViewCell.swift */ = {isa = PBXFileReference; lastKnownFileType = sourcecode.swift; path = FriendTableViewCell.swift; sourceTree = "<group>"; };
		E1B61898226B0552008B7B63 /* FriendTableViewCell.xib */ = {isa = PBXFileReference; lastKnownFileType = file.xib; path = FriendTableViewCell.xib; sourceTree = "<group>"; };
		E1B6189B226B3BC1008B7B63 /* FriendCollectionViewCell.swift */ = {isa = PBXFileReference; lastKnownFileType = sourcecode.swift; path = FriendCollectionViewCell.swift; sourceTree = "<group>"; };
		E1B6189C226B3BC1008B7B63 /* FriendCollectionViewCell.xib */ = {isa = PBXFileReference; lastKnownFileType = file.xib; path = FriendCollectionViewCell.xib; sourceTree = "<group>"; };
		E7984BA49C568AB59F042573 /* Pods_degree360.framework */ = {isa = PBXFileReference; explicitFileType = wrapper.framework; includeInIndex = 0; path = Pods_degree360.framework; sourceTree = BUILT_PRODUCTS_DIR; };
		FC04FBF8D93B3012AA13E25E /* Pods-degree360.debug.xcconfig */ = {isa = PBXFileReference; includeInIndex = 1; lastKnownFileType = text.xcconfig; name = "Pods-degree360.debug.xcconfig"; path = "Target Support Files/Pods-degree360/Pods-degree360.debug.xcconfig"; sourceTree = "<group>"; };
/* End PBXFileReference section */

/* Begin PBXFrameworksBuildPhase section */
		652A8F4F226B08C800D5CC24 /* Frameworks */ = {
			isa = PBXFrameworksBuildPhase;
			buildActionMask = 2147483647;
			files = (
			);
			runOnlyForDeploymentPostprocessing = 0;
		};
		65EC7C47226ACFB800D69565 /* Frameworks */ = {
			isa = PBXFrameworksBuildPhase;
			buildActionMask = 2147483647;
			files = (
				8799A10C9E860347D1651CC0 /* Pods_degree360.framework in Frameworks */,
			);
			runOnlyForDeploymentPostprocessing = 0;
		};
/* End PBXFrameworksBuildPhase section */

/* Begin PBXGroup section */
		3326D8513C35F3C6145AB70F /* Pods */ = {
			isa = PBXGroup;
			children = (
				FC04FBF8D93B3012AA13E25E /* Pods-degree360.debug.xcconfig */,
				368A89DE32932A97DE352BC1 /* Pods-degree360.release.xcconfig */,
				B3D1AFF69096D691CFE97008 /* Pods-degree360.debug.xcconfig */,
				97CFD8F344D294271CE59BC2 /* Pods-degree360.release.xcconfig */,
			);
			path = Pods;
			sourceTree = "<group>";
		};
		652A8F49226B00CF00D5CC24 /* Models */ = {
			isa = PBXGroup;
			children = (
				652A8F47226B00C800D5CC24 /* Lesson.swift */,
				652A8F4A226B01A800D5CC24 /* User.swift */,
				652A8F5C226B34F500D5CC24 /* Topic.swift */,
			);
			path = Models;
			sourceTree = "<group>";
		};
		652A8F53226B08C800D5CC24 /* degree360Tests */ = {
			isa = PBXGroup;
			children = (
				652A8F54226B08C900D5CC24 /* degree360Tests.swift */,
				652A8F56226B08C900D5CC24 /* Info.plist */,
			);
			path = degree360Tests;
			sourceTree = "<group>";
		};
		65EC7C41226ACFB800D69565 = {
			isa = PBXGroup;
			children = (
				65EC7C4C226ACFB800D69565 /* degree360 */,
				652A8F53226B08C800D5CC24 /* degree360Tests */,
				65EC7C4B226ACFB800D69565 /* Products */,
				3326D8513C35F3C6145AB70F /* Pods */,
				F790E9930D818B601EF481E0 /* Frameworks */,
			);
			sourceTree = "<group>";
		};
		65EC7C4B226ACFB800D69565 /* Products */ = {
			isa = PBXGroup;
			children = (
				65EC7C4A226ACFB800D69565 /* degree360.app */,
				652A8F52226B08C800D5CC24 /* degree360Tests.xctest */,
			);
			name = Products;
			sourceTree = "<group>";
		};
		65EC7C4C226ACFB800D69565 /* degree360 */ = {
			isa = PBXGroup;
			children = (
				652A8F49226B00CF00D5CC24 /* Models */,
				E1B61887226AF7A0008B7B63 /* Cells */,
				65EC7C6C226AE4C400D69565 /* Extenstions */,
				65EC7C65226AD7F100D69565 /* Services */,
				E18C0796226AD5CD00399075 /* Controllers */,
				65EC7C64226AD4F600D69565 /* Base */,
				65EC7C4D226ACFB800D69565 /* AppDelegate.swift */,
				65EC7C4F226ACFB800D69565 /* ViewController.swift */,
				65EC7C51226ACFB800D69565 /* Main.storyboard */,
				65EC7C57226ACFB900D69565 /* Assets.xcassets */,
				65EC7C59226ACFB900D69565 /* LaunchScreen.storyboard */,
				65EC7C5C226ACFB900D69565 /* Info.plist */,
				65EC7C54226ACFB800D69565 /* degree360.xcdatamodeld */,
				65EC7C68226ADAD700D69565 /* Constants.swift */,
				652A8F45226AFCA000D5CC24 /* Helpers.swift */,
				652A8F60226B6FBC00D5CC24 /* StarButton.swift */,
			);
			path = degree360;
			sourceTree = "<group>";
		};
		65EC7C64226AD4F600D69565 /* Base */ = {
			isa = PBXGroup;
			children = (
				65EC7C62226AD48F00D69565 /* BaseInteractor.swift */,
			);
			path = Base;
			sourceTree = "<group>";
		};
		65EC7C65226AD7F100D69565 /* Services */ = {
			isa = PBXGroup;
			children = (
				65EC7C66226AD80000D69565 /* API.swift */,
				65EC7C6A226ADF7700D69565 /* UserController.swift */,
			);
			path = Services;
			sourceTree = "<group>";
		};
		65EC7C6C226AE4C400D69565 /* Extenstions */ = {
			isa = PBXGroup;
			children = (
				65EC7C6D226AE4DF00D69565 /* Extenstion+UIViewController.swift */,
				652A8F43226AECAB00D5CC24 /* Extenstion+SwiftyJSON.swift */,
				652A8F4C226B01FD00D5CC24 /* Extenstions.swift */,
				652A8F5E226B430B00D5CC24 /* Extension+UIImageView.swift */,
			);
			path = Extenstions;
			sourceTree = "<group>";
		};
		E18C0796226AD5CD00399075 /* Controllers */ = {
			isa = PBXGroup;
			children = (
				E1B6188C226AFDD9008B7B63 /* LessonCreate */,
				E1B61880226AF690008B7B63 /* Friend */,
				E1B61879226AF33D008B7B63 /* LessonSignle */,
				E1B61872226AEBA6008B7B63 /* Lesson */,
				E18C0797226AD5DD00399075 /* Register */,
			);
			path = Controllers;
			sourceTree = "<group>";
		};
		E18C0797226AD5DD00399075 /* Register */ = {
			isa = PBXGroup;
			children = (
				E18C0799226AD5FE00399075 /* RegisterVC.swift */,
				E18C079B226AD62400399075 /* RegisterInteractor.swift */,
				E1B61870226ADF1F008B7B63 /* RegisterVC.xib */,
			);
			path = Register;
			sourceTree = "<group>";
		};
		E1B61872226AEBA6008B7B63 /* Lesson */ = {
			isa = PBXGroup;
			children = (
				E1B61873226AEBCC008B7B63 /* LessonVC.swift */,
				E1B61875226AEBDA008B7B63 /* LessonInteractor.swift */,
				E1B61877226AEBE9008B7B63 /* LessonVC.xib */,
			);
			path = Lesson;
			sourceTree = "<group>";
		};
		E1B61879226AF33D008B7B63 /* LessonSignle */ = {
			isa = PBXGroup;
			children = (
				E1B6187A226AF35B008B7B63 /* LessonSignleVC.swift */,
				E1B6187C226AF396008B7B63 /* LessonSignleVCInteractor.swift */,
				E1B6187E226AF3F5008B7B63 /* LessonSignleVC.xib */,
			);
			path = LessonSignle;
			sourceTree = "<group>";
		};
		E1B61880226AF690008B7B63 /* Friend */ = {
			isa = PBXGroup;
			children = (
				E1B61881226AF6BD008B7B63 /* FriendVC.swift */,
				E1B61883226AF6E1008B7B63 /* FriendInteractor.swift */,
				E1B61885226AF758008B7B63 /* FriendVC.xib */,
			);
			path = Friend;
			sourceTree = "<group>";
		};
		E1B61887226AF7A0008B7B63 /* Cells */ = {
			isa = PBXGroup;
			children = (
				E1B61888226AF805008B7B63 /* LessonTableViewCell.swift */,
				E1B61889226AF805008B7B63 /* LessonTableViewCell.xib */,
				E1B61893226B0541008B7B63 /* TopicTableViewCell.swift */,
				E1B61894226B0541008B7B63 /* TopicTableViewCell.xib */,
				E1B61897226B0552008B7B63 /* FriendTableViewCell.swift */,
				E1B61898226B0552008B7B63 /* FriendTableViewCell.xib */,
				E1B6189B226B3BC1008B7B63 /* FriendCollectionViewCell.swift */,
				E1B6189C226B3BC1008B7B63 /* FriendCollectionViewCell.xib */,
			);
			path = Cells;
			sourceTree = "<group>";
		};
		E1B6188C226AFDD9008B7B63 /* LessonCreate */ = {
			isa = PBXGroup;
			children = (
				E1B6188D226AFE08008B7B63 /* LessonCreateVC.swift */,
				E1B6188F226AFE33008B7B63 /* LessonCreateInteractor.swift */,
				E1B61891226AFEA8008B7B63 /* LessonCreateVC.xib */,
			);
			path = LessonCreate;
			sourceTree = "<group>";
		};
		F790E9930D818B601EF481E0 /* Frameworks */ = {
			isa = PBXGroup;
			children = (
				E7984BA49C568AB59F042573 /* Pods_degree360.framework */,
			);
			name = Frameworks;
			sourceTree = "<group>";
		};
/* End PBXGroup section */

/* Begin PBXNativeTarget section */
		652A8F51226B08C800D5CC24 /* degree360Tests */ = {
			isa = PBXNativeTarget;
			buildConfigurationList = 652A8F5B226B08C900D5CC24 /* Build configuration list for PBXNativeTarget "degree360Tests" */;
			buildPhases = (
				652A8F4E226B08C800D5CC24 /* Sources */,
				652A8F4F226B08C800D5CC24 /* Frameworks */,
				652A8F50226B08C800D5CC24 /* Resources */,
			);
			buildRules = (
			);
			dependencies = (
				652A8F58226B08C900D5CC24 /* PBXTargetDependency */,
			);
			name = degree360Tests;
			productName = degree360Tests;
			productReference = 652A8F52226B08C800D5CC24 /* degree360Tests.xctest */;
			productType = "com.apple.product-type.bundle.unit-test";
		};
		65EC7C49226ACFB800D69565 /* degree360 */ = {
			isa = PBXNativeTarget;
			buildConfigurationList = 65EC7C5F226ACFB900D69565 /* Build configuration list for PBXNativeTarget "degree360" */;
			buildPhases = (
				D5511FE9E3D881D81F4907DC /* [CP] Check Pods Manifest.lock */,
				65EC7C46226ACFB800D69565 /* Sources */,
				65EC7C47226ACFB800D69565 /* Frameworks */,
				65EC7C48226ACFB800D69565 /* Resources */,
				EFAAD1CC7E3053EC1A099B6B /* [CP] Embed Pods Frameworks */,
			);
			buildRules = (
			);
			dependencies = (
			);
			name = degree360;
			productName = degree360;
			productReference = 65EC7C4A226ACFB800D69565 /* degree360.app */;
			productType = "com.apple.product-type.application";
		};
/* End PBXNativeTarget section */

/* Begin PBXProject section */
		65EC7C42226ACFB800D69565 /* Project object */ = {
			isa = PBXProject;
			attributes = {
				LastSwiftUpdateCheck = 1010;
				LastUpgradeCheck = 1010;
				ORGANIZATIONNAME = pizza;
				TargetAttributes = {
					652A8F51226B08C800D5CC24 = {
						CreatedOnToolsVersion = 10.1;
						TestTargetID = 65EC7C49226ACFB800D69565;
					};
					65EC7C49226ACFB800D69565 = {
						CreatedOnToolsVersion = 10.1;
					};
				};
			};
			buildConfigurationList = 65EC7C45226ACFB800D69565 /* Build configuration list for PBXProject "degree360" */;
			compatibilityVersion = "Xcode 9.3";
			developmentRegion = en;
			hasScannedForEncodings = 0;
			knownRegions = (
				en,
				Base,
			);
			mainGroup = 65EC7C41226ACFB800D69565;
			productRefGroup = 65EC7C4B226ACFB800D69565 /* Products */;
			projectDirPath = "";
			projectRoot = "";
			targets = (
				65EC7C49226ACFB800D69565 /* degree360 */,
				652A8F51226B08C800D5CC24 /* degree360Tests */,
			);
		};
/* End PBXProject section */

/* Begin PBXResourcesBuildPhase section */
		652A8F50226B08C800D5CC24 /* Resources */ = {
			isa = PBXResourcesBuildPhase;
			buildActionMask = 2147483647;
			files = (
			);
			runOnlyForDeploymentPostprocessing = 0;
		};
		65EC7C48226ACFB800D69565 /* Resources */ = {
			isa = PBXResourcesBuildPhase;
			buildActionMask = 2147483647;
			files = (
				65EC7C5B226ACFB900D69565 /* LaunchScreen.storyboard in Resources */,
				E1B61871226ADF1F008B7B63 /* RegisterVC.xib in Resources */,
				65EC7C58226ACFB900D69565 /* Assets.xcassets in Resources */,
				E1B61892226AFEA8008B7B63 /* LessonCreateVC.xib in Resources */,
				E1B61886226AF758008B7B63 /* FriendVC.xib in Resources */,
				E1B61878226AEBE9008B7B63 /* LessonVC.xib in Resources */,
				E1B6187F226AF3F5008B7B63 /* LessonSignleVC.xib in Resources */,
				65EC7C53226ACFB800D69565 /* Main.storyboard in Resources */,
				E1B6189E226B3BC1008B7B63 /* FriendCollectionViewCell.xib in Resources */,
				E1B6188B226AF805008B7B63 /* LessonTableViewCell.xib in Resources */,
				E1B61896226B0541008B7B63 /* TopicTableViewCell.xib in Resources */,
				E1B6189A226B0552008B7B63 /* FriendTableViewCell.xib in Resources */,
			);
			runOnlyForDeploymentPostprocessing = 0;
		};
/* End PBXResourcesBuildPhase section */

/* Begin PBXShellScriptBuildPhase section */
		D5511FE9E3D881D81F4907DC /* [CP] Check Pods Manifest.lock */ = {
			isa = PBXShellScriptBuildPhase;
			buildActionMask = 2147483647;
			files = (
			);
			inputFileListPaths = (
			);
			inputPaths = (
				"${PODS_PODFILE_DIR_PATH}/Podfile.lock",
				"${PODS_ROOT}/Manifest.lock",
			);
			name = "[CP] Check Pods Manifest.lock";
			outputFileListPaths = (
			);
			outputPaths = (
				"$(DERIVED_FILE_DIR)/Pods-degree360-checkManifestLockResult.txt",
			);
			runOnlyForDeploymentPostprocessing = 0;
			shellPath = /bin/sh;
			shellScript = "diff \"${PODS_PODFILE_DIR_PATH}/Podfile.lock\" \"${PODS_ROOT}/Manifest.lock\" > /dev/null\nif [ $? != 0 ] ; then\n    # print error to STDERR\n    echo \"error: The sandbox is not in sync with the Podfile.lock. Run 'pod install' or update your CocoaPods installation.\" >&2\n    exit 1\nfi\n# This output is used by Xcode 'outputs' to avoid re-running this script phase.\necho \"SUCCESS\" > \"${SCRIPT_OUTPUT_FILE_0}\"\n";
			showEnvVarsInLog = 0;
		};
		EFAAD1CC7E3053EC1A099B6B /* [CP] Embed Pods Frameworks */ = {
			isa = PBXShellScriptBuildPhase;
			buildActionMask = 2147483647;
			files = (
			);
			inputFileListPaths = (
			);
			inputPaths = (
				"${PODS_ROOT}/Target Support Files/Pods-degree360/Pods-degree360-frameworks.sh",
				"${BUILT_PRODUCTS_DIR}/Hero/Hero.framework",
				"${BUILT_PRODUCTS_DIR}/Indigear/Indigear.framework",
				"${BUILT_PRODUCTS_DIR}/JJHUD/JJHUD.framework",
				"${BUILT_PRODUCTS_DIR}/SwiftyJSON/SwiftyJSON.framework",
			);
			name = "[CP] Embed Pods Frameworks";
			outputFileListPaths = (
			);
			outputPaths = (
				"${TARGET_BUILD_DIR}/${FRAMEWORKS_FOLDER_PATH}/Hero.framework",
				"${TARGET_BUILD_DIR}/${FRAMEWORKS_FOLDER_PATH}/Indigear.framework",
				"${TARGET_BUILD_DIR}/${FRAMEWORKS_FOLDER_PATH}/JJHUD.framework",
				"${TARGET_BUILD_DIR}/${FRAMEWORKS_FOLDER_PATH}/SwiftyJSON.framework",
			);
			runOnlyForDeploymentPostprocessing = 0;
			shellPath = /bin/sh;
			shellScript = "\"${PODS_ROOT}/Target Support Files/Pods-degree360/Pods-degree360-frameworks.sh\"\n";
			showEnvVarsInLog = 0;
		};
/* End PBXShellScriptBuildPhase section */

/* Begin PBXSourcesBuildPhase section */
		652A8F4E226B08C800D5CC24 /* Sources */ = {
			isa = PBXSourcesBuildPhase;
			buildActionMask = 2147483647;
			files = (
				652A8F55226B08C900D5CC24 /* degree360Tests.swift in Sources */,
			);
			runOnlyForDeploymentPostprocessing = 0;
		};
		65EC7C46226ACFB800D69565 /* Sources */ = {
			isa = PBXSourcesBuildPhase;
			buildActionMask = 2147483647;
			files = (
				E1B61876226AEBDA008B7B63 /* LessonInteractor.swift in Sources */,
				652A8F46226AFCA000D5CC24 /* Helpers.swift in Sources */,
				65EC7C6B226ADF7700D69565 /* UserController.swift in Sources */,
				E1B6187D226AF396008B7B63 /* LessonSignleVCInteractor.swift in Sources */,
				65EC7C50226ACFB800D69565 /* ViewController.swift in Sources */,
				65EC7C63226AD48F00D69565 /* BaseInteractor.swift in Sources */,
				652A8F4D226B01FD00D5CC24 /* Extenstions.swift in Sources */,
				E1B6188A226AF805008B7B63 /* LessonTableViewCell.swift in Sources */,
				E1B61895226B0541008B7B63 /* TopicTableViewCell.swift in Sources */,
				65EC7C4E226ACFB800D69565 /* AppDelegate.swift in Sources */,
				652A8F44226AECAB00D5CC24 /* Extenstion+SwiftyJSON.swift in Sources */,
				E18C079C226AD62400399075 /* RegisterInteractor.swift in Sources */,
				65EC7C6E226AE4DF00D69565 /* Extenstion+UIViewController.swift in Sources */,
				65EC7C56226ACFB800D69565 /* degree360.xcdatamodeld in Sources */,
				E1B61882226AF6BD008B7B63 /* FriendVC.swift in Sources */,
				652A8F61226B6FBC00D5CC24 /* StarButton.swift in Sources */,
				E18C079A226AD5FE00399075 /* RegisterVC.swift in Sources */,
				652A8F5D226B34F500D5CC24 /* Topic.swift in Sources */,
				E1B6187B226AF35B008B7B63 /* LessonSignleVC.swift in Sources */,
				652A8F48226B00C800D5CC24 /* Lesson.swift in Sources */,
				652A8F5F226B430B00D5CC24 /* Extension+UIImageView.swift in Sources */,
				65EC7C67226AD80000D69565 /* API.swift in Sources */,
				E1B6188E226AFE08008B7B63 /* LessonCreateVC.swift in Sources */,
				E1B61899226B0552008B7B63 /* FriendTableViewCell.swift in Sources */,
				E1B61890226AFE33008B7B63 /* LessonCreateInteractor.swift in Sources */,
				E1B61874226AEBCC008B7B63 /* LessonVC.swift in Sources */,
				E1B6189D226B3BC1008B7B63 /* FriendCollectionViewCell.swift in Sources */,
				E1B61884226AF6E1008B7B63 /* FriendInteractor.swift in Sources */,
				65EC7C69226ADAD700D69565 /* Constants.swift in Sources */,
				652A8F4B226B01A800D5CC24 /* User.swift in Sources */,
			);
			runOnlyForDeploymentPostprocessing = 0;
		};
/* End PBXSourcesBuildPhase section */

/* Begin PBXTargetDependency section */
		652A8F58226B08C900D5CC24 /* PBXTargetDependency */ = {
			isa = PBXTargetDependency;
			target = 65EC7C49226ACFB800D69565 /* degree360 */;
			targetProxy = 652A8F57226B08C900D5CC24 /* PBXContainerItemProxy */;
		};
/* End PBXTargetDependency section */

/* Begin PBXVariantGroup section */
		65EC7C51226ACFB800D69565 /* Main.storyboard */ = {
			isa = PBXVariantGroup;
			children = (
				65EC7C52226ACFB800D69565 /* Base */,
			);
			name = Main.storyboard;
			sourceTree = "<group>";
		};
		65EC7C59226ACFB900D69565 /* LaunchScreen.storyboard */ = {
			isa = PBXVariantGroup;
			children = (
				65EC7C5A226ACFB900D69565 /* Base */,
			);
			name = LaunchScreen.storyboard;
			sourceTree = "<group>";
		};
/* End PBXVariantGroup section */

/* Begin XCBuildConfiguration section */
		652A8F59226B08C900D5CC24 /* Debug */ = {
			isa = XCBuildConfiguration;
			buildSettings = {
				BUNDLE_LOADER = "$(TEST_HOST)";
				CODE_SIGN_STYLE = Automatic;
				DEVELOPMENT_TEAM = LN73Q598ZB;
				INFOPLIST_FILE = degree360Tests/Info.plist;
				LD_RUNPATH_SEARCH_PATHS = (
					"$(inherited)",
					"@executable_path/Frameworks",
					"@loader_path/Frameworks",
				);
				PRODUCT_BUNDLE_IDENTIFIER = net.example.degree360Tests;
				PRODUCT_NAME = "$(TARGET_NAME)";
				SWIFT_VERSION = 4.2;
				TARGETED_DEVICE_FAMILY = "1,2";
				TEST_HOST = "$(BUILT_PRODUCTS_DIR)/degree360.app/degree360";
			};
			name = Debug;
		};
		652A8F5A226B08C900D5CC24 /* Release */ = {
			isa = XCBuildConfiguration;
			buildSettings = {
				BUNDLE_LOADER = "$(TEST_HOST)";
				CODE_SIGN_STYLE = Automatic;
				DEVELOPMENT_TEAM = LN73Q598ZB;
				INFOPLIST_FILE = degree360Tests/Info.plist;
				LD_RUNPATH_SEARCH_PATHS = (
					"$(inherited)",
					"@executable_path/Frameworks",
					"@loader_path/Frameworks",
				);
				PRODUCT_BUNDLE_IDENTIFIER = net.example.degree360Tests;
				PRODUCT_NAME = "$(TARGET_NAME)";
				SWIFT_VERSION = 4.2;
				TARGETED_DEVICE_FAMILY = "1,2";
				TEST_HOST = "$(BUILT_PRODUCTS_DIR)/degree360.app/degree360";
			};
			name = Release;
		};
		65EC7C5D226ACFB900D69565 /* Debug */ = {
			isa = XCBuildConfiguration;
			buildSettings = {
				ALWAYS_SEARCH_USER_PATHS = NO;
				CLANG_ANALYZER_NONNULL = YES;
				CLANG_ANALYZER_NUMBER_OBJECT_CONVERSION = YES_AGGRESSIVE;
				CLANG_CXX_LANGUAGE_STANDARD = "gnu++14";
				CLANG_CXX_LIBRARY = "libc++";
				CLANG_ENABLE_MODULES = YES;
				CLANG_ENABLE_OBJC_ARC = YES;
				CLANG_ENABLE_OBJC_WEAK = YES;
				CLANG_WARN_BLOCK_CAPTURE_AUTORELEASING = YES;
				CLANG_WARN_BOOL_CONVERSION = YES;
				CLANG_WARN_COMMA = YES;
				CLANG_WARN_CONSTANT_CONVERSION = YES;
				CLANG_WARN_DEPRECATED_OBJC_IMPLEMENTATIONS = YES;
				CLANG_WARN_DIRECT_OBJC_ISA_USAGE = YES_ERROR;
				CLANG_WARN_DOCUMENTATION_COMMENTS = YES;
				CLANG_WARN_EMPTY_BODY = YES;
				CLANG_WARN_ENUM_CONVERSION = YES;
				CLANG_WARN_INFINITE_RECURSION = YES;
				CLANG_WARN_INT_CONVERSION = YES;
				CLANG_WARN_NON_LITERAL_NULL_CONVERSION = YES;
				CLANG_WARN_OBJC_IMPLICIT_RETAIN_SELF = YES;
				CLANG_WARN_OBJC_LITERAL_CONVERSION = YES;
				CLANG_WARN_OBJC_ROOT_CLASS = YES_ERROR;
				CLANG_WARN_RANGE_LOOP_ANALYSIS = YES;
				CLANG_WARN_STRICT_PROTOTYPES = YES;
				CLANG_WARN_SUSPICIOUS_MOVE = YES;
				CLANG_WARN_UNGUARDED_AVAILABILITY = YES_AGGRESSIVE;
				CLANG_WARN_UNREACHABLE_CODE = YES;
				CLANG_WARN__DUPLICATE_METHOD_MATCH = YES;
				CODE_SIGN_IDENTITY = "iPhone Developer";
				COPY_PHASE_STRIP = NO;
				DEBUG_INFORMATION_FORMAT = dwarf;
				ENABLE_STRICT_OBJC_MSGSEND = YES;
				ENABLE_TESTABILITY = YES;
				GCC_C_LANGUAGE_STANDARD = gnu11;
				GCC_DYNAMIC_NO_PIC = NO;
				GCC_NO_COMMON_BLOCKS = YES;
				GCC_OPTIMIZATION_LEVEL = 0;
				GCC_PREPROCESSOR_DEFINITIONS = (
					"DEBUG=1",
					"$(inherited)",
				);
				GCC_WARN_64_TO_32_BIT_CONVERSION = YES;
				GCC_WARN_ABOUT_RETURN_TYPE = YES_ERROR;
				GCC_WARN_UNDECLARED_SELECTOR = YES;
				GCC_WARN_UNINITIALIZED_AUTOS = YES_AGGRESSIVE;
				GCC_WARN_UNUSED_FUNCTION = YES;
				GCC_WARN_UNUSED_VARIABLE = YES;
				IPHONEOS_DEPLOYMENT_TARGET = 12.1;
				MTL_ENABLE_DEBUG_INFO = INCLUDE_SOURCE;
				MTL_FAST_MATH = YES;
				ONLY_ACTIVE_ARCH = YES;
				SDKROOT = iphoneos;
				SWIFT_ACTIVE_COMPILATION_CONDITIONS = DEBUG;
				SWIFT_OPTIMIZATION_LEVEL = "-Onone";
			};
			name = Debug;
		};
		65EC7C5E226ACFB900D69565 /* Release */ = {
			isa = XCBuildConfiguration;
			buildSettings = {
				ALWAYS_SEARCH_USER_PATHS = NO;
				CLANG_ANALYZER_NONNULL = YES;
				CLANG_ANALYZER_NUMBER_OBJECT_CONVERSION = YES_AGGRESSIVE;
				CLANG_CXX_LANGUAGE_STANDARD = "gnu++14";
				CLANG_CXX_LIBRARY = "libc++";
				CLANG_ENABLE_MODULES = YES;
				CLANG_ENABLE_OBJC_ARC = YES;
				CLANG_ENABLE_OBJC_WEAK = YES;
				CLANG_WARN_BLOCK_CAPTURE_AUTORELEASING = YES;
				CLANG_WARN_BOOL_CONVERSION = YES;
				CLANG_WARN_COMMA = YES;
				CLANG_WARN_CONSTANT_CONVERSION = YES;
				CLANG_WARN_DEPRECATED_OBJC_IMPLEMENTATIONS = YES;
				CLANG_WARN_DIRECT_OBJC_ISA_USAGE = YES_ERROR;
				CLANG_WARN_DOCUMENTATION_COMMENTS = YES;
				CLANG_WARN_EMPTY_BODY = YES;
				CLANG_WARN_ENUM_CONVERSION = YES;
				CLANG_WARN_INFINITE_RECURSION = YES;
				CLANG_WARN_INT_CONVERSION = YES;
				CLANG_WARN_NON_LITERAL_NULL_CONVERSION = YES;
				CLANG_WARN_OBJC_IMPLICIT_RETAIN_SELF = YES;
				CLANG_WARN_OBJC_LITERAL_CONVERSION = YES;
				CLANG_WARN_OBJC_ROOT_CLASS = YES_ERROR;
				CLANG_WARN_RANGE_LOOP_ANALYSIS = YES;
				CLANG_WARN_STRICT_PROTOTYPES = YES;
				CLANG_WARN_SUSPICIOUS_MOVE = YES;
				CLANG_WARN_UNGUARDED_AVAILABILITY = YES_AGGRESSIVE;
				CLANG_WARN_UNREACHABLE_CODE = YES;
				CLANG_WARN__DUPLICATE_METHOD_MATCH = YES;
				CODE_SIGN_IDENTITY = "iPhone Developer";
				COPY_PHASE_STRIP = NO;
				DEBUG_INFORMATION_FORMAT = "dwarf-with-dsym";
				ENABLE_NS_ASSERTIONS = NO;
				ENABLE_STRICT_OBJC_MSGSEND = YES;
				GCC_C_LANGUAGE_STANDARD = gnu11;
				GCC_NO_COMMON_BLOCKS = YES;
				GCC_WARN_64_TO_32_BIT_CONVERSION = YES;
				GCC_WARN_ABOUT_RETURN_TYPE = YES_ERROR;
				GCC_WARN_UNDECLARED_SELECTOR = YES;
				GCC_WARN_UNINITIALIZED_AUTOS = YES_AGGRESSIVE;
				GCC_WARN_UNUSED_FUNCTION = YES;
				GCC_WARN_UNUSED_VARIABLE = YES;
				IPHONEOS_DEPLOYMENT_TARGET = 12.1;
				MTL_ENABLE_DEBUG_INFO = NO;
				MTL_FAST_MATH = YES;
				SDKROOT = iphoneos;
				SWIFT_COMPILATION_MODE = wholemodule;
				SWIFT_OPTIMIZATION_LEVEL = "-O";
				VALIDATE_PRODUCT = YES;
			};
			name = Release;
		};
		65EC7C60226ACFB900D69565 /* Debug */ = {
			isa = XCBuildConfiguration;
			baseConfigurationReference = FC04FBF8D93B3012AA13E25E /* Pods-degree360.debug.xcconfig */;
			buildSettings = {
				ASSETCATALOG_COMPILER_APPICON_NAME = AppIcon;
				CODE_SIGN_STYLE = Automatic;
				DEVELOPMENT_TEAM = K9LZVFU8TF;
				INFOPLIST_FILE = degree360/Info.plist;
				LD_RUNPATH_SEARCH_PATHS = (
					"$(inherited)",
					"@executable_path/Frameworks",
				);
				PRODUCT_BUNDLE_IDENTIFIER = net.example.degree360;
				PRODUCT_NAME = "$(TARGET_NAME)";
				SWIFT_VERSION = 4.2;
				TARGETED_DEVICE_FAMILY = "1,2";
			};
			name = Debug;
		};
		65EC7C61226ACFB900D69565 /* Release */ = {
			isa = XCBuildConfiguration;
			baseConfigurationReference = 368A89DE32932A97DE352BC1 /* Pods-degree360.release.xcconfig */;
			buildSettings = {
				ASSETCATALOG_COMPILER_APPICON_NAME = AppIcon;
				CODE_SIGN_STYLE = Automatic;
				DEVELOPMENT_TEAM = K9LZVFU8TF;
				INFOPLIST_FILE = degree360/Info.plist;
				LD_RUNPATH_SEARCH_PATHS = (
					"$(inherited)",
					"@executable_path/Frameworks",
				);
				PRODUCT_BUNDLE_IDENTIFIER = net.example.degree360;
				PRODUCT_NAME = "$(TARGET_NAME)";
				SWIFT_VERSION = 4.2;
				TARGETED_DEVICE_FAMILY = "1,2";
			};
			name = Release;
		};
/* End XCBuildConfiguration section */

/* Begin XCConfigurationList section */
		652A8F5B226B08C900D5CC24 /* Build configuration list for PBXNativeTarget "degree360Tests" */ = {
			isa = XCConfigurationList;
			buildConfigurations = (
				652A8F59226B08C900D5CC24 /* Debug */,
				652A8F5A226B08C900D5CC24 /* Release */,
			);
			defaultConfigurationIsVisible = 0;
			defaultConfigurationName = Release;
		};
		65EC7C45226ACFB800D69565 /* Build configuration list for PBXProject "degree360" */ = {
			isa = XCConfigurationList;
			buildConfigurations = (
				65EC7C5D226ACFB900D69565 /* Debug */,
				65EC7C5E226ACFB900D69565 /* Release */,
			);
			defaultConfigurationIsVisible = 0;
			defaultConfigurationName = Release;
		};
		65EC7C5F226ACFB900D69565 /* Build configuration list for PBXNativeTarget "degree360" */ = {
			isa = XCConfigurationList;
			buildConfigurations = (
				65EC7C60226ACFB900D69565 /* Debug */,
				65EC7C61226ACFB900D69565 /* Release */,
			);
			defaultConfigurationIsVisible = 0;
			defaultConfigurationName = Release;
		};
/* End XCConfigurationList section */

/* Begin XCVersionGroup section */
		65EC7C54226ACFB800D69565 /* degree360.xcdatamodeld */ = {
			isa = XCVersionGroup;
			children = (
				65EC7C55226ACFB800D69565 /* degree360.xcdatamodel */,
			);
			currentVersion = 65EC7C55226ACFB800D69565 /* degree360.xcdatamodel */;
			path = degree360.xcdatamodeld;
			sourceTree = "<group>";
			versionGroupType = wrapper.xcdatamodel;
		};
/* End XCVersionGroup section */
	};
	rootObject = 65EC7C42226ACFB800D69565 /* Project object */;
}
