PODS:
  - Hero (1.4.0)
  - Indigear (0.0.1)
  - JJHUD (2.6)
  - SwiftyJSON (4.2.0)

DEPENDENCIES:
  - Hero
  - Indigear
  - JJHUD
  - SwiftyJSON

SPEC REPOS:
  https://github.com/cocoapods/specs.git:
    - Hero
    - Indigear
    - JJHUD
    - SwiftyJSON

SPEC CHECKSUMS:
  Hero: bac92350d7201a1a940003e0767c7b52ce7c99a1
  Indigear: 2846ec74d50ca8b70e7403798f1bd39cbac6bafc
  JJHUD: 1e3b7051a2d62d69d7d0330ab9562e8a6cd757f8
  SwiftyJSON: c4bcba26dd9ec7a027fc8eade48e2c911f229e96

PODFILE CHECKSUM: 06d50275ea235a4203880d2b05ed50611d0b454c

COCOAPODS: 1.6.1
